
Microsoft Visual Studio Solution File, Format Version 12.00
# Visual Studio Version 16
VisualStudioVersion = 16.0.31005.135
MinimumVisualStudioVersion = 10.0.40219.1
Project("{9A19103F-16F7-4668-BE54-9A1E7A4F7556}") = "QueOndas APP", "QueOndas APP\QueOndas APP.csproj", "{F330F78C-65BC-4FF5-8846-60FAD16B3832}"
EndProject
Global
	GlobalSection(SolutionConfigurationPlatforms) = preSolution
		Debug|Any CPU = Debug|Any CPU
		Release|Any CPU = Release|Any CPU
	EndGlobalSection
	GlobalSection(ProjectConfigurationPlatforms) = postSolution
		{F330F78C-65BC-4FF5-8846-60FAD16B3832}.Debug|Any CPU.ActiveCfg = Debug|Any CPU
		{F330F78C-65BC-4FF5-8846-60FAD16B3832}.Debug|Any CPU.Build.0 = Debug|Any CPU
		{F330F78C-65BC-4FF5-8846-60FAD16B3832}.Release|Any CPU.ActiveCfg = Release|Any CPU
		{F330F78C-65BC-4FF5-8846-60FAD16B3832}.Release|Any CPU.Build.0 = Release|Any CPU
	EndGlobalSection
	GlobalSection(SolutionProperties) = preSolution
		HideSolutionNode = FALSE
	EndGlobalSection
	GlobalSection(ExtensibilityGlobals) = postSolution
		SolutionGuid = {B6331F09-CDFE-4A11-9479-BEBEE21B7037}
	EndGlobalSection
EndGlobal
